<?xml version="1.0" encoding="utf-8"?>
<Project ToolsVersion="4.0" xmlns="http://schemas.microsoft.com/developer/msbuild/2003">
  <ItemGroup>
    <Filter Include="Header Files">
      <UniqueIdentifier>{93995380-89BD-4b04-88EB-625FBE52EBFB}</UniqueIdentifier>
      <Extensions>h;hh;hpp;hxx;h++;hm;inl;inc;ipp;xsd</Extensions>
    </Filter>
    <Filter Include="Includes">
      <UniqueIdentifier>{67DA6AB6-F800-4c08-8B7A-83BB121AAD01}</UniqueIdentifier>
      <Extensions>rc;ico;cur;bmp;dlg;rc2;rct;bin;rgs;gif;jpg;jpeg;jpe;resx;tiff;tif;png;wav;mfcribbon-ms</Extensions>
    </Filter>
    <Filter Include="Includes\SDK">
      <UniqueIdentifier>{fea124be-9463-4ac5-b479-a1d222815b78}</UniqueIdentifier>
    </Filter>
    <Filter Include="Hassium">
      <UniqueIdentifier>{4FC737F1-C7A5-4376-A066-2A32D752A2FF}</UniqueIdentifier>
      <Extensions>cpp;c;cc;cxx;c++;cppm;ixx;def;odl;idl;hpj;bat;asm;asmx</Extensions>
    </Filter>
    <Filter Include="Hassium\Public">
      <UniqueIdentifier>{831ee4c9-c45b-48e6-9389-1acdfcb566f7}</UniqueIdentifier>
    </Filter>
    <Filter Include="Hassium\Private">
      <UniqueIdentifier>{6ce9ca6f-cd9d-418e-80b2-6ad3d78e28f5}</UniqueIdentifier>
    </Filter>
  </ItemGroup>
  <ItemGroup>
    <ClInclude Include="Includes\SDK\SDK.hpp">
      <Filter>Includes\SDK</Filter>
    </ClInclude>
    <ClInclude Include="ue.h">
      <Filter>Hassium\Public</Filter>
    </ClInclude>
  </ItemGroup>
  <ItemGroup>
    <ClCompile Include="dllmain.cpp">
      <Filter>Hassium</Filter>
    </ClCompile>
    <ClCompile Include="Includes\SDK\SDK\Engine_functions.cpp">
      <Filter>Includes\SDK</Filter>
    </ClCompile>
    <ClCompile Include="Includes\SDK\SDK\FortniteGame_functions.cpp">
      <Filter>Includes\SDK</Filter>
    </ClCompile>
    <ClCompile Include="Includes\SDK\SDK\CoreUObject_functions.cpp">
      <Filter>Includes\SDK</Filter>
    </ClCompile>
    <ClCompile Include="Includes\SDK\SDK\Basic.cpp">
      <Filter>Includes\SDK</Filter>
    </ClCompile>
    <ClCompile Include="Includes\SDK\SDK\GameplayAbilities_functions.cpp">
      <Filter>Includes\SDK</Filter>
    </ClCompile>
  </ItemGroup>
</Project>